{
  "version": "1.0.0",
  "name": "champaign",
  "description": "A web platform for online campaigning.",
  "license": "MIT",
  "private": true,
  "repository": {
    "type": "git",
    "url": "git://github.com/SumOfUs/Champaign.git"
  },
  "scripts": {
    "eslint": "eslint",
    "flow-check": "flow check",
    "lint": "eslint app/frontend",
    "start": "node bin/start.js",
    "build": "node bin/build.js",
    "pretest": "node bin/convert_translations.js",
    "test": "node bin/test.js --env=jsdom --verbose"
  },
  "dependencies": {
    "airbrake-js": "^0.5.9",
    "babel-plugin-syntax-dynamic-import": "^6.18.0",
    "babel-plugin-transform-class-properties": "^6.24.1",
    "babel-polyfill": "^6.23.0",
    "babel-preset-env": "^1.5.1",
    "braintree-web": "^3.5.0",
    "c3": "^0.4.11",
    "classnames": "^2.2.5",
    "clipboard": "^1.6.1",
    "coffee-loader": "^0.7.3",
    "coffee-script": "^1.12.6",
    "glob": "^7.1.2",
    "jquery": "^3.1.1",
    "js-cookie": "^2.1.3",
    "js-yaml": "^3.8.4",
    "lodash": "^4.16.6",
    "path-complete-extname": "^0.1.0",
    "postcss-smart-import": "^0.7.4",
    "precss": "^1.4.0",
    "rails-erb-loader": "^5.0.1",
    "react": "^15.4.2",
    "react-dom": "^15.3.2",
    "react-intl": "^2.2.3",
    "react-redux": "^5.0.2",
    "react-select": "^1.0.0-rc.2",
    "redux": "^3.6.0",
    "redux-thunk": "^2.1.0",
    "resolve-url-loader": "^2.0.2",
    "urijs": "^1.18.2",
    "validator": "^6.1.0",
    "webpack-manifest-plugin": "^1.1.0",
    "webpack-merge": "^4.1.0"
  },
  "devDependencies": {
    "autoprefixer": "^7.1.1",
    "babel-core": "^6.24.1",
    "babel-eslint": "^7.1.1",
    "babel-jest": "^18.0.0",
    "babel-loader": "7.x",
    "babel-preset-react-app": "^2.0.1",
    "babelify": "^6.1.3",
    "browserify": "~> 10.2.4",
    "browserify-incremental": "^3.0.1",
    "case-sensitive-paths-webpack-plugin": "1.1.4",
    "chalk": "1.1.3",
    "compression-webpack-plugin": "^0.4.0",
    "connect-history-api-fallback": "1.3.0",
    "cross-spawn": "4.0.2",
    "css-loader": "^0.28.3",
    "detect-port": "^1.1.0",
    "dotenv": "^4.0.0",
    "empty": "^0.10.1",
    "enzyme": "^2.6.0",
    "eslint": "^3.13.1",
    "eslint-config-react-app": "^0.5.1",
    "eslint-loader": "^1.6.1",
    "eslint-plugin-flowtype": "^2.30.0",
    "eslint-plugin-import": "^2.2.0",
    "eslint-plugin-jsx-a11y": "^3.0.2",
    "eslint-plugin-react": "^6.9.0",
    "extract-text-webpack-plugin": "^2.1.0",
    "file-loader": "^0.11.1",
    "filesize": "3.3.0",
    "find-cache-dir": "0.1.1",
    "flow-bin": "^0.39.0",
    "flow-typed": "^2.0.0",
    "fs-extra": "^2.0.0",
    "gzip-size": "3.0.0",
    "html-webpack-plugin": "^2.26.0",
    "http-proxy-middleware": "^0.17.3",
    "jest": "^18.1.0",
    "json-loader": "^0.5.4",
    "node-sass": "^4.5.3",
    "object-assign": "^4.1.1",
    "path-exists": "^3.0.0",
    "postcss-loader": "^2.0.5",
    "promise": "7.1.1",
    "react-addons-test-utils": "^15.4.2",
    "react-dev-utils": "^0.4.2",
    "recursive-readdir": "2.1.0",
    "rimraf": "2.5.4",
    "sass-loader": "^6.0.5",
    "sou-assets": "git://github.com/SumOfUs/sou-assets.git",
    "stats-webpack-plugin": "^0.4.3",
    "strip-ansi": "3.0.1",
    "style-loader": "^0.18.1",
    "url-loader": "0.5.7",
    "webpack": "^2.6.1",
    "webpack-dev-server": "^2.4.5",
    "whatwg-fetch": "^2.0.1",
    "yaml-loader": "^0.4.0",
    "yamljs": "^0.2.8"
  },
  "jest": {
    "moduleFileExtensions": [
      "jsx",
      "js",
      "json"
    ],
    "moduleNameMapper": {
      "^.+\\.(jpg|jpeg|png|gif|eot|otf|webp|svg|ttf|woff|woff2|mp4|webm|wav|mp3|m4a|aac|oga)$": "<rootDir>/config/frontend/jest/FileStub.js",
      "^.+\\.s?css$": "<rootDir>/config/frontend/jest/CSSStub.js",
      "^.+/translations$": "<rootDir>/app/frontend/locales/translations-json.js"
    },
    "setupFiles": [
      "<rootDir>/config/frontend/polyfills.js"
    ],
    "testPathDirs": [
      "<rootDir>/app/frontend"
    ],
    "testEnvironment": "node"
  }
}
